// !$*UTF8*$!
{
	archiveVersion = 1;
	classes = {
	};
	objectVersion = 46;
	objects = {

/* Begin PBXBuildFile section */
		43D386AF1D0495AE005FCBC2 /* AppDelegate.swift in Sources */ = {isa = PBXBuildFile; fileRef = 43D386AE1D0495AE005FCBC2 /* AppDelegate.swift */; };
		43D386B61D0495AE005FCBC2 /* Assets.xcassets in Resources */ = {isa = PBXBuildFile; fileRef = 43D386B51D0495AE005FCBC2 /* Assets.xcassets */; };
		43D386B91D0495AE005FCBC2 /* LaunchScreen.storyboard in Resources */ = {isa = PBXBuildFile; fileRef = 43D386B71D0495AE005FCBC2 /* LaunchScreen.storyboard */; };
		43D386C41D0495AE005FCBC2 /* popNavViewToTableTests.swift in Sources */ = {isa = PBXBuildFile; fileRef = 43D386C31D0495AE005FCBC2 /* popNavViewToTableTests.swift */; };
		43D386CF1D0495AE005FCBC2 /* popNavViewToTableUITests.swift in Sources */ = {isa = PBXBuildFile; fileRef = 43D386CE1D0495AE005FCBC2 /* popNavViewToTableUITests.swift */; };
		43D386DD1D04962B005FCBC2 /* Main.storyboard in Resources */ = {isa = PBXBuildFile; fileRef = 43D386DC1D04962B005FCBC2 /* Main.storyboard */; };
		43D386E01D049635005FCBC2 /* ViewController.swift in Sources */ = {isa = PBXBuildFile; fileRef = 43D386DE1D049635005FCBC2 /* ViewController.swift */; };
		43D386E11D049635005FCBC2 /* PopoverViewController.swift in Sources */ = {isa = PBXBuildFile; fileRef = 43D386DF1D049635005FCBC2 /* PopoverViewController.swift */; };
/* End PBXBuildFile section */

/* Begin PBXContainerItemProxy section */
		43D386C01D0495AE005FCBC2 /* PBXContainerItemProxy */ = {
			isa = PBXContainerItemProxy;
			containerPortal = 43D386A31D0495AE005FCBC2 /* Project object */;
			proxyType = 1;
			remoteGlobalIDString = 43D386AA1D0495AE005FCBC2;
			remoteInfo = popNavViewToTable;
		};
		43D386CB1D0495AE005FCBC2 /* PBXContainerItemProxy */ = {
			isa = PBXContainerItemProxy;
			containerPortal = 43D386A31D0495AE005FCBC2 /* Project object */;
			proxyType = 1;
			remoteGlobalIDString = 43D386AA1D0495AE005FCBC2;
			remoteInfo = popNavViewToTable;
		};
/* End PBXContainerItemProxy section */

/* Begin PBXFileReference section */
		43D386AB1D0495AE005FCBC2 /* popNavViewToTable.app */ = {isa = PBXFileReference; explicitFileType = wrapper.application; includeInIndex = 0; path = popNavViewToTable.app; sourceTree = BUILT_PRODUCTS_DIR; };
		43D386AE1D0495AE005FCBC2 /* AppDelegate.swift */ = {isa = PBXFileReference; lastKnownFileType = sourcecode.swift; path = AppDelegate.swift; sourceTree = "<group>"; };
		43D386B51D0495AE005FCBC2 /* Assets.xcassets */ = {isa = PBXFileReference; lastKnownFileType = folder.assetcatalog; path = Assets.xcassets; sourceTree = "<group>"; };
		43D386B81D0495AE005FCBC2 /* Base */ = {isa = PBXFileReference; lastKnownFileType = file.storyboard; name = Base; path = Base.lproj/LaunchScreen.storyboard; sourceTree = "<group>"; };
		43D386BA1D0495AE005FCBC2 /* Info.plist */ = {isa = PBXFileReference; lastKnownFileType = text.plist.xml; path = Info.plist; sourceTree = "<group>"; };
		43D386BF1D0495AE005FCBC2 /* popNavViewToTableTests.xctest */ = {isa = PBXFileReference; explicitFileType = wrapper.cfbundle; includeInIndex = 0; path = popNavViewToTableTests.xctest; sourceTree = BUILT_PRODUCTS_DIR; };
		43D386C31D0495AE005FCBC2 /* popNavViewToTableTests.swift */ = {isa = PBXFileReference; lastKnownFileType = sourcecode.swift; path = popNavViewToTableTests.swift; sourceTree = "<group>"; };
		43D386C51D0495AE005FCBC2 /* Info.plist */ = {isa = PBXFileReference; lastKnownFileType = text.plist.xml; path = Info.plist; sourceTree = "<group>"; };
		43D386CA1D0495AE005FCBC2 /* popNavViewToTableUITests.xctest */ = {isa = PBXFileReference; explicitFileType = wrapper.cfbundle; includeInIndex = 0; path = popNavViewToTableUITests.xctest; sourceTree = BUILT_PRODUCTS_DIR; };
		43D386CE1D0495AE005FCBC2 /* popNavViewToTableUITests.swift */ = {isa = PBXFileReference; lastKnownFileType = sourcecode.swift; path = popNavViewToTableUITests.swift; sourceTree = "<group>"; };
		43D386D01D0495AE005FCBC2 /* Info.plist */ = {isa = PBXFileReference; lastKnownFileType = text.plist.xml; path = Info.plist; sourceTree = "<group>"; };
		43D386DC1D04962B005FCBC2 /* Main.storyboard */ = {isa = PBXFileReference; fileEncoding = 4; lastKnownFileType = file.storyboard; path = Main.storyboard; sourceTree = "<group>"; };
		43D386DE1D049635005FCBC2 /* ViewController.swift */ = {isa = PBXFileReference; fileEncoding = 4; lastKnownFileType = sourcecode.swift; path = ViewController.swift; sourceTree = "<group>"; };
		43D386DF1D049635005FCBC2 /* PopoverViewController.swift */ = {isa = PBXFileReference; fileEncoding = 4; lastKnownFileType = sourcecode.swift; path = PopoverViewController.swift; sourceTree = "<group>"; };
/* End PBXFileReference section */

/* Begin PBXFrameworksBuildPhase section */
		43D386A81D0495AE005FCBC2 /* Frameworks */ = {
			isa = PBXFrameworksBuildPhase;
			buildActionMask = 2147483647;
			files = (
			);
			runOnlyForDeploymentPostprocessing = 0;
		};
		43D386BC1D0495AE005FCBC2 /* Frameworks */ = {
			isa = PBXFrameworksBuildPhase;
			buildActionMask = 2147483647;
			files = (
			);
			runOnlyForDeploymentPostprocessing = 0;
		};
		43D386C71D0495AE005FCBC2 /* Frameworks */ = {
			isa = PBXFrameworksBuildPhase;
			buildActionMask = 2147483647;
			files = (
			);
			runOnlyForDeploymentPostprocessing = 0;
		};
/* End PBXFrameworksBuildPhase section */

/* Begin PBXGroup section */
		43D386A21D0495AE005FCBC2 = {
			isa = PBXGroup;
			children = (
				43D386AD1D0495AE005FCBC2 /* popNavViewToTable */,
				43D386C21D0495AE005FCBC2 /* popNavViewToTableTests */,
				43D386CD1D0495AE005FCBC2 /* popNavViewToTableUITests */,
				43D386AC1D0495AE005FCBC2 /* Products */,
			);
			sourceTree = "<group>";
		};
		43D386AC1D0495AE005FCBC2 /* Products */ = {
			isa = PBXGroup;
			children = (
				43D386AB1D0495AE005FCBC2 /* popNavViewToTable.app */,
				43D386BF1D0495AE005FCBC2 /* popNavViewToTableTests.xctest */,
				43D386CA1D0495AE005FCBC2 /* popNavViewToTableUITests.xctest */,
			);
			name = Products;
			sourceTree = "<group>";
		};
		43D386AD1D0495AE005FCBC2 /* popNavViewToTable */ = {
			isa = PBXGroup;
			children = (
				43D386AE1D0495AE005FCBC2 /* AppDelegate.swift */,
				43D386DE1D049635005FCBC2 /* ViewController.swift */,
				43D386DF1D049635005FCBC2 /* PopoverViewController.swift */,
				43D386DC1D04962B005FCBC2 /* Main.storyboard */,
				43D386B51D0495AE005FCBC2 /* Assets.xcassets */,
				43D386B71D0495AE005FCBC2 /* LaunchScreen.storyboard */,
				43D386BA1D0495AE005FCBC2 /* Info.plist */,
			);
			path = popNavViewToTable;
			sourceTree = "<group>";
		};
		43D386C21D0495AE005FCBC2 /* popNavViewToTableTests */ = {
			isa = PBXGroup;
			children = (
				43D386C31D0495AE005FCBC2 /* popNavViewToTableTests.swift */,
				43D386C51D0495AE005FCBC2 /* Info.plist */,
			);
			path = popNavViewToTableTests;
			sourceTree = "<group>";
		};
		43D386CD1D0495AE005FCBC2 /* popNavViewToTableUITests */ = {
			isa = PBXGroup;
			children = (
				43D386CE1D0495AE005FCBC2 /* popNavViewToTableUITests.swift */,
				43D386D01D0495AE005FCBC2 /* Info.plist */,
			);
			path = popNavViewToTableUITests;
			sourceTree = "<group>";
		};
/* End PBXGroup section */

/* Begin PBXNativeTarget section */
		43D386AA1D0495AE005FCBC2 /* popNavViewToTable */ = {
			isa = PBXNativeTarget;
			buildConfigurationList = 43D386D31D0495AE005FCBC2 /* Build configuration list for PBXNativeTarget "popNavViewToTable" */;
			buildPhases = (
				43D386A71D0495AE005FCBC2 /* Sources */,
				43D386A81D0495AE005FCBC2 /* Frameworks */,
				43D386A91D0495AE005FCBC2 /* Resources */,
			);
			buildRules = (
			);
			dependencies = (
			);
			name = popNavViewToTable;
			productName = popNavViewToTable;
			productReference = 43D386AB1D0495AE005FCBC2 /* popNavViewToTable.app */;
			productType = "com.apple.product-type.application";
		};
		43D386BE1D0495AE005FCBC2 /* popNavViewToTableTests */ = {
			isa = PBXNativeTarget;
			buildConfigurationList = 43D386D61D0495AE005FCBC2 /* Build configuration list for PBXNativeTarget "popNavViewToTableTests" */;
			buildPhases = (
				43D386BB1D0495AE005FCBC2 /* Sources */,
				43D386BC1D0495AE005FCBC2 /* Frameworks */,
				43D386BD1D0495AE005FCBC2 /* Resources */,
			);
			buildRules = (
			);
			dependencies = (
				43D386C11D0495AE005FCBC2 /* PBXTargetDependency */,
			);
			name = popNavViewToTableTests;
			productName = popNavViewToTableTests;
			productReference = 43D386BF1D0495AE005FCBC2 /* popNavViewToTableTests.xctest */;
			productType = "com.apple.product-type.bundle.unit-test";
		};
		43D386C91D0495AE005FCBC2 /* popNavViewToTableUITests */ = {
			isa = PBXNativeTarget;
			buildConfigurationList = 43D386D91D0495AE005FCBC2 /* Build configuration list for PBXNativeTarget "popNavViewToTableUITests" */;
			buildPhases = (
				43D386C61D0495AE005FCBC2 /* Sources */,
				43D386C71D0495AE005FCBC2 /* Frameworks */,
				43D386C81D0495AE005FCBC2 /* Resources */,
			);
			buildRules = (
			);
			dependencies = (
				43D386CC1D0495AE005FCBC2 /* PBXTargetDependency */,
			);
			name = popNavViewToTableUITests;
			productName = popNavViewToTableUITests;
			productReference = 43D386CA1D0495AE005FCBC2 /* popNavViewToTableUITests.xctest */;
			productType = "com.apple.product-type.bundle.ui-testing";
		};
/* End PBXNativeTarget section */

/* Begin PBXProject section */
		43D386A31D0495AE005FCBC2 /* Project object */ = {
			isa = PBXProject;
			attributes = {
				LastSwiftUpdateCheck = 0730;
				LastUpgradeCheck = 0730;
				ORGANIZATIONNAME = Thor;
				TargetAttributes = {
					43D386AA1D0495AE005FCBC2 = {
						CreatedOnToolsVersion = 7.3.1;
					};
					43D386BE1D0495AE005FCBC2 = {
						CreatedOnToolsVersion = 7.3.1;
						TestTargetID = 43D386AA1D0495AE005FCBC2;
					};
					43D386C91D0495AE005FCBC2 = {
						CreatedOnToolsVersion = 7.3.1;
						TestTargetID = 43D386AA1D0495AE005FCBC2;
					};
				};
			};
			buildConfigurationList = 43D386A61D0495AE005FCBC2 /* Build configuration list for PBXProject "popNavViewToTable" */;
			compatibilityVersion = "Xcode 3.2";
			developmentRegion = English;
			hasScannedForEncodings = 0;
			knownRegions = (
				en,
				Base,
			);
			mainGroup = 43D386A21D0495AE005FCBC2;
			productRefGroup = 43D386AC1D0495AE005FCBC2 /* Products */;
			projectDirPath = "";
			projectRoot = "";
			targets = (
				43D386AA1D0495AE005FCBC2 /* popNavViewToTable */,
				43D386BE1D0495AE005FCBC2 /* popNavViewToTableTests */,
				43D386C91D0495AE005FCBC2 /* popNavViewToTableUITests */,
			);
		};
/* End PBXProject section */

/* Begin PBXResourcesBuildPhase section */
		43D386A91D0495AE005FCBC2 /* Resources */ = {
			isa = PBXResourcesBuildPhase;
			buildActionMask = 2147483647;
			files = (
				43D386DD1D04962B005FCBC2 /* Main.storyboard in Resources */,
				43D386B91D0495AE005FCBC2 /* LaunchScreen.storyboard in Resources */,
				43D386B61D0495AE005FCBC2 /* Assets.xcassets in Resources */,
			);
			runOnlyForDeploymentPostprocessing = 0;
		};
		43D386BD1D0495AE005FCBC2 /* Resources */ = {
			isa = PBXResourcesBuildPhase;
			buildActionMask = 2147483647;
			files = (
			);
			runOnlyForDeploymentPostprocessing = 0;
		};
		43D386C81D0495AE005FCBC2 /* Resources */ = {
			isa = PBXResourcesBuildPhase;
			buildActionMask = 2147483647;
			files = (
			);
			runOnlyForDeploymentPostprocessing = 0;
		};
/* End PBXResourcesBuildPhase section */

/* Begin PBXSourcesBuildPhase section */
		43D386A71D0495AE005FCBC2 /* Sources */ = {
			isa = PBXSourcesBuildPhase;
			buildActionMask = 2147483647;
			files = (
				43D386E01D049635005FCBC2 /* ViewController.swift in Sources */,
				43D386E11D049635005FCBC2 /* PopoverViewController.swift in Sources */,
				43D386AF1D0495AE005FCBC2 /* AppDelegate.swift in Sources */,
			);
			runOnlyForDeploymentPostprocessing = 0;
		};
		43D386BB1D0495AE005FCBC2 /* Sources */ = {
			isa = PBXSourcesBuildPhase;
			buildActionMask = 2147483647;
			files = (
				43D386C41D0495AE005FCBC2 /* popNavViewToTableTests.swift in Sources */,
			);
			runOnlyForDeploymentPostprocessing = 0;
		};
		43D386C61D0495AE005FCBC2 /* Sources */ = {
			isa = PBXSourcesBuildPhase;
			buildActionMask = 2147483647;
			files = (
				43D386CF1D0495AE005FCBC2 /* popNavViewToTableUITests.swift in Sources */,
			);
			runOnlyForDeploymentPostprocessing = 0;
		};
/* End PBXSourcesBuildPhase section */

/* Begin PBXTargetDependency section */
		43D386C11D0495AE005FCBC2 /* PBXTargetDependency */ = {
			isa = PBXTargetDependency;
			target = 43D386AA1D0495AE005FCBC2 /* popNavViewToTable */;
			targetProxy = 43D386C01D0495AE005FCBC2 /* PBXContainerItemProxy */;
		};
		43D386CC1D0495AE005FCBC2 /* PBXTargetDependency */ = {
			isa = PBXTargetDependency;
			target = 43D386AA1D0495AE005FCBC2 /* popNavViewToTable */;
			targetProxy = 43D386CB1D0495AE005FCBC2 /* PBXContainerItemProxy */;
		};
/* End PBXTargetDependency section */

/* Begin PBXVariantGroup section */
		43D386B71D0495AE005FCBC2 /* LaunchScreen.storyboard */ = {
			isa = PBXVariantGroup;
			children = (
				43D386B81D0495AE005FCBC2 /* Base */,
			);
			name = LaunchScreen.storyboard;
			sourceTree = "<group>";
		};
/* End PBXVariantGroup section */

/* Begin XCBuildConfiguration section */
		43D386D11D0495AE005FCBC2 /* Debug */ = {
			isa = XCBuildConfiguration;
			buildSettings = {
				ALWAYS_SEARCH_USER_PATHS = NO;
				CLANG_ANALYZER_NONNULL = YES;
				CLANG_CXX_LANGUAGE_STANDARD = "gnu++0x";
				CLANG_CXX_LIBRARY = "libc++";
				CLANG_ENABLE_MODULES = YES;
				CLANG_ENABLE_OBJC_ARC = YES;
				CLANG_WARN_BOOL_CONVERSION = YES;
				CLANG_WARN_CONSTANT_CONVERSION = YES;
				CLANG_WARN_DIRECT_OBJC_ISA_USAGE = YES_ERROR;
				CLANG_WARN_EMPTY_BODY = YES;
				CLANG_WARN_ENUM_CONVERSION = YES;
				CLANG_WARN_INT_CONVERSION = YES;
				CLANG_WARN_OBJC_ROOT_CLASS = YES_ERROR;
				CLANG_WARN_UNREACHABLE_CODE = YES;
				CLANG_WARN__DUPLICATE_METHOD_MATCH = YES;
				"CODE_SIGN_IDENTITY[sdk=iphoneos*]" = "iPhone Developer";
				COPY_PHASE_STRIP = NO;
				DEBUG_INFORMATION_FORMAT = dwarf;
				ENABLE_STRICT_OBJC_MSGSEND = YES;
				ENABLE_TESTABILITY = YES;
				GCC_C_LANGUAGE_STANDARD = gnu99;
				GCC_DYNAMIC_NO_PIC = NO;
				GCC_NO_COMMON_BLOCKS = YES;
				GCC_OPTIMIZATION_LEVEL = 0;
				GCC_PREPROCESSOR_DEFINITIONS = (
					"DEBUG=1",
					"$(inherited)",
				);
				GCC_WARN_64_TO_32_BIT_CONVERSION = YES;
				GCC_WARN_ABOUT_RETURN_TYPE = YES_ERROR;
				GCC_WARN_UNDECLARED_SELECTOR = YES;
				GCC_WARN_UNINITIALIZED_AUTOS = YES_AGGRESSIVE;
				GCC_WARN_UNUSED_FUNCTION = YES;
				GCC_WARN_UNUSED_VARIABLE = YES;
				IPHONEOS_DEPLOYMENT_TARGET = 9.3;
				MTL_ENABLE_DEBUG_INFO = YES;
				ONLY_ACTIVE_ARCH = YES;
				SDKROOT = iphoneos;
				SWIFT_OPTIMIZATION_LEVEL = "-Onone";
				TARGETED_DEVICE_FAMILY = "1,2";
			};
			name = Debug;
		};
		43D386D21D0495AE005FCBC2 /* Release */ = {
			isa = XCBuildConfiguration;
			buildSettings = {
				ALWAYS_SEARCH_USER_PATHS = NO;
				CLANG_ANALYZER_NONNULL = YES;
				CLANG_CXX_LANGUAGE_STANDARD = "gnu++0x";
				CLANG_CXX_LIBRARY = "libc++";
				CLANG_ENABLE_MODULES = YES;
				CLANG_ENABLE_OBJC_ARC = YES;
				CLANG_WARN_BOOL_CONVERSION = YES;
				CLANG_WARN_CONSTANT_CONVERSION = YES;
				CLANG_WARN_DIRECT_OBJC_ISA_USAGE = YES_ERROR;
				CLANG_WARN_EMPTY_BODY = YES;
				CLANG_WARN_ENUM_CONVERSION = YES;
				CLANG_WARN_INT_CONVERSION = YES;
				CLANG_WARN_OBJC_ROOT_CLASS = YES_ERROR;
				CLANG_WARN_UNREACHABLE_CODE = YES;
				CLANG_WARN__DUPLICATE_METHOD_MATCH = YES;
				"CODE_SIGN_IDENTITY[sdk=iphoneos*]" = "iPhone Developer";
				COPY_PHASE_STRIP = NO;
				DEBUG_INFORMATION_FORMAT = "dwarf-with-dsym";
				ENABLE_NS_ASSERTIONS = NO;
				ENABLE_STRICT_OBJC_MSGSEND = YES;
				GCC_C_LANGUAGE_STANDARD = gnu99;
				GCC_NO_COMMON_BLOCKS = YES;
				GCC_WARN_64_TO_32_BIT_CONVERSION = YES;
				GCC_WARN_ABOUT_RETURN_TYPE = YES_ERROR;
				GCC_WARN_UNDECLARED_SELECTOR = YES;
				GCC_WARN_UNINITIALIZED_AUTOS = YES_AGGRESSIVE;
				GCC_WARN_UNUSED_FUNCTION = YES;
				GCC_WARN_UNUSED_VARIABLE = YES;
				IPHONEOS_DEPLOYMENT_TARGET = 9.3;
				MTL_ENABLE_DEBUG_INFO = NO;
				SDKROOT = iphoneos;
				TARGETED_DEVICE_FAMILY = "1,2";
				VALIDATE_PRODUCT = YES;
			};
			name = Release;
		};
		43D386D41D0495AE005FCBC2 /* Debug */ = {
			isa = XCBuildConfiguration;
			buildSettings = {
				ASSETCATALOG_COMPILER_APPICON_NAME = AppIcon;
				INFOPLIST_FILE = popNavViewToTable/Info.plist;
				LD_RUNPATH_SEARCH_PATHS = "$(inherited) @executable_path/Frameworks";
				PRODUCT_BUNDLE_IDENTIFIER = com.thor.popNavViewToTable;
				PRODUCT_NAME = "$(TARGET_NAME)";
			};
			name = Debug;
		};
		43D386D51D0495AE005FCBC2 /* Release */ = {
			isa = XCBuildConfiguration;
			buildSettings = {
				ASSETCATALOG_COMPILER_APPICON_NAME = AppIcon;
				INFOPLIST_FILE = popNavViewToTable/Info.plist;
				LD_RUNPATH_SEARCH_PATHS = "$(inherited) @executable_path/Frameworks";
				PRODUCT_BUNDLE_IDENTIFIER = com.thor.popNavViewToTable;
				PRODUCT_NAME = "$(TARGET_NAME)";
			};
			name = Release;
		};
		43D386D71D0495AE005FCBC2 /* Debug */ = {
			isa = XCBuildConfiguration;
			buildSettings = {
				BUNDLE_LOADER = "$(TEST_HOST)";
				INFOPLIST_FILE = popNavViewToTableTests/Info.plist;
				LD_RUNPATH_SEARCH_PATHS = "$(inherited) @executable_path/Frameworks @loader_path/Frameworks";
				PRODUCT_BUNDLE_IDENTIFIER = com.thor.popNavViewToTableTests;
				PRODUCT_NAME = "$(TARGET_NAME)";
				TEST_HOST = "$(BUILT_PRODUCTS_DIR)/popNavViewToTable.app/popNavViewToTable";
			};
			name = Debug;
		};
		43D386D81D0495AE005FCBC2 /* Release */ = {
			isa = XCBuildConfiguration;
			buildSettings = {
				BUNDLE_LOADER = "$(TEST_HOST)";
				INFOPLIST_FILE = popNavViewToTableTests/Info.plist;
				LD_RUNPATH_SEARCH_PATHS = "$(inherited) @executable_path/Frameworks @loader_path/Frameworks";
				PRODUCT_BUNDLE_IDENTIFIER = com.thor.popNavViewToTableTests;
				PRODUCT_NAME = "$(TARGET_NAME)";
				TEST_HOST = "$(BUILT_PRODUCTS_DIR)/popNavViewToTable.app/popNavViewToTable";
			};
			name = Release;
		};
		43D386DA1D0495AE005FCBC2 /* Debug */ = {
			isa = XCBuildConfiguration;
			buildSettings = {
				INFOPLIST_FILE = popNavViewToTableUITests/Info.plist;
				LD_RUNPATH_SEARCH_PATHS = "$(inherited) @executable_path/Frameworks @loader_path/Frameworks";
				PRODUCT_BUNDLE_IDENTIFIER = com.thor.popNavViewToTableUITests;
				PRODUCT_NAME = "$(TARGET_NAME)";
				TEST_TARGET_NAME = popNavViewToTable;
			};
			name = Debug;
		};
		43D386DB1D0495AE005FCBC2 /* Release */ = {
			isa = XCBuildConfiguration;
			buildSettings = {
				INFOPLIST_FILE = popNavViewToTableUITests/Info.plist;
				LD_RUNPATH_SEARCH_PATHS = "$(inherited) @executable_path/Frameworks @loader_path/Frameworks";
				PRODUCT_BUNDLE_IDENTIFIER = com.thor.popNavViewToTableUITests;
				PRODUCT_NAME = "$(TARGET_NAME)";
				TEST_TARGET_NAME = popNavViewToTable;
			};
			name = Release;
		};
/* End XCBuildConfiguration section */

/* Begin XCConfigurationList section */
		43D386A61D0495AE005FCBC2 /* Build configuration list for PBXProject "popNavViewToTable" */ = {
			isa = XCConfigurationList;
			buildConfigurations = (
				43D386D11D0495AE005FCBC2 /* Debug */,
				43D386D21D0495AE005FCBC2 /* Release */,
			);
			defaultConfigurationIsVisible = 0;
			defaultConfigurationName = Release;
		};
		43D386D31D0495AE005FCBC2 /* Build configuration list for PBXNativeTarget "popNavViewToTable" */ = {
			isa = XCConfigurationList;
			buildConfigurations = (
				43D386D41D0495AE005FCBC2 /* Debug */,
				43D386D51D0495AE005FCBC2 /* Release */,
			);
			defaultConfigurationIsVisible = 0;
			defaultConfigurationName = Release;
		};
		43D386D61D0495AE005FCBC2 /* Build configuration list for PBXNativeTarget "popNavViewToTableTests" */ = {
			isa = XCConfigurationList;
			buildConfigurations = (
				43D386D71D0495AE005FCBC2 /* Debug */,
				43D386D81D0495AE005FCBC2 /* Release */,
			);
			defaultConfigurationIsVisible = 0;
			defaultConfigurationName = Release;
		};
		43D386D91D0495AE005FCBC2 /* Build configuration list for PBXNativeTarget "popNavViewToTableUITests" */ = {
			isa = XCConfigurationList;
			buildConfigurations = (
				43D386DA1D0495AE005FCBC2 /* Debug */,
				43D386DB1D0495AE005FCBC2 /* Release */,
			);
			defaultConfigurationIsVisible = 0;
			defaultConfigurationName = Release;
		};
/* End XCConfigurationList section */
	};
	rootObject = 43D386A31D0495AE005FCBC2 /* Project object */;
}
